# THIS IS AN AUTOGENERATED FILE. DO NOT EDIT THIS FILE DIRECTLY.
# yarn lockfile v1


"@types/insert-css@^2.0.0":
  version "2.0.0"
  resolved "https://registry.yarnpkg.com/@types/insert-css/-/insert-css-2.0.0.tgz#f323e1e1940c388e80fcf1e1b93de4b6dcefd431"
  integrity sha512-z8IM6PsnoUlWBxTUlBfO0SUD2kQaSa72vAkSFWcA1IOY/uRzDEA9197v/vASzIrvFXODczA8hD5JRSu7M+/KIg==

insert-css@^2.0.0:
  version "2.0.0"
  resolved "https://registry.yarnpkg.com/insert-css/-/insert-css-2.0.0.tgz#eb5d1097b7542f4c79ea3060d3aee07d053880f4"
  integrity sha1-610Ql7dUL0x56jBg067gfQU4gPQ=

simple-color-picker@^1.0.5:
  version "1.0.5"
  resolved "https://registry.yarnpkg.com/simple-color-picker/-/simple-color-picker-1.0.5.tgz#07c70638c8246273c3c18d8a4bd366f2f72e1fd2"
  integrity sha512-MUsSVfO/51zTrBA6nsmX5ABe/FXmhd6N+hie6EAWb6Ph4eydtQNRZ9hyb/HmLaG403YB/JAtpry70AaCd8AwBw==
  dependencies:
    "@types/insert-css" "^2.0.0"
    insert-css "^2.0.0"
